DEPENDENCIES
  acme (~> 4.1.1)
  apache2 (~> 7.1.1)
  aws (~> 8.0.4)
  imvlandau
    path: .
    metadata: true
  line (~> 2.4.1)
  postgresql (~> 8.3.0)
  system (~> 0.11.3)

GRAPH
  acme (4.1.1)
  apache2 (7.1.1)
  apt (7.2.0)
  aws (8.0.4)
  cron (1.7.6)
  hostsfile (3.0.1)
  imvlandau (0.1.0)
    acme (>= 0.0.0)
    apache2 (>= 0.0.0)
    aws (>= 0.0.0)
    line (>= 0.0.0)
    postgresql (>= 0.0.0)
    system (>= 0.0.0)
    yum-epel (>= 0.0.0)
  line (2.4.1)
  postgresql (8.3.0)
    apt (>= 0.0.0)
    yum-epel (>= 0.0.0)
  system (0.11.3)
    apt (>= 0.0.0)
    cron (~> 1.7)
    hostsfile (>= 0.0.0)
  yum-epel (4.2.3)
